<?xml version="1.0" encoding="utf-8"?>
<Project ToolsVersion="4.0" xmlns="http://schemas.microsoft.com/developer/msbuild/2003">
  <ItemGroup>
    <Filter Include="源文件">
      <UniqueIdentifier>{4FC737F1-C7A5-4376-A066-2A32D752A2FF}</UniqueIdentifier>
      <Extensions>cpp;c;cc;cxx;def;odl;idl;hpj;bat;asm;asmx</Extensions>
    </Filter>
    <Filter Include="头文件">
      <UniqueIdentifier>{398f6b9b-930a-4511-849b-4cb3d093eb49}</UniqueIdentifier>
    </Filter>
    <Filter Include="源文件\Wait">
      <UniqueIdentifier>{be4e5415-40f2-444c-97a4-f6d50627d26e}</UniqueIdentifier>
    </Filter>
    <Filter Include="源文件\001-010">
      <UniqueIdentifier>{4249da66-8a1b-478d-a5af-6f77bb6d5dc2}</UniqueIdentifier>
    </Filter>
    <Filter Include="源文件\011-020">
      <UniqueIdentifier>{15a15f97-8e18-40e9-9403-946e568eba7b}</UniqueIdentifier>
    </Filter>
    <Filter Include="源文件\021-030">
      <UniqueIdentifier>{234b20e5-5212-47d3-bf20-02ebfef125ea}</UniqueIdentifier>
    </Filter>
    <Filter Include="源文件\031-040">
      <UniqueIdentifier>{e73f3933-3980-40fa-a15b-879b29a44a61}</UniqueIdentifier>
    </Filter>
    <Filter Include="源文件\151-160">
      <UniqueIdentifier>{ad97f3c3-8ad0-4609-9a42-8aa16028448f}</UniqueIdentifier>
    </Filter>
    <Filter Include="源文件\141-150">
      <UniqueIdentifier>{643c0fe5-cfbd-485a-b421-5328c9c8a456}</UniqueIdentifier>
    </Filter>
    <Filter Include="源文件\131-140">
      <UniqueIdentifier>{ecf2789a-6cb5-4f6d-96c0-82866714dd08}</UniqueIdentifier>
    </Filter>
  </ItemGroup>
  <ItemGroup>
    <ClCompile Include="main.cpp">
      <Filter>源文件</Filter>
    </ClCompile>
    <ClCompile Include="Two Sum.h">
      <Filter>源文件\001-010</Filter>
    </ClCompile>
  </ItemGroup>
  <ItemGroup>
    <ClInclude Include="Longest Substring Without Repeating Characters.h">
      <Filter>源文件\001-010</Filter>
    </ClInclude>
    <ClInclude Include="std.h">
      <Filter>头文件</Filter>
    </ClInclude>
    <ClInclude Include="Longest Palindromic Substring.h">
      <Filter>源文件\001-010</Filter>
    </ClInclude>
    <ClInclude Include="Add Two Numbers.h">
      <Filter>源文件\Wait</Filter>
    </ClInclude>
    <ClInclude Include="Median of Two Sorted Arrays.h">
      <Filter>源文件\Wait</Filter>
    </ClInclude>
    <ClInclude Include="Reverse Integer.h">
      <Filter>源文件\001-010</Filter>
    </ClInclude>
    <ClInclude Include="Palindrome Number.h">
      <Filter>源文件\001-010</Filter>
    </ClInclude>
    <ClInclude Include="Remove Nth Node From End of List.h">
      <Filter>源文件\011-020</Filter>
    </ClInclude>
    <ClInclude Include="Valid Parentheses.h">
      <Filter>源文件\011-020</Filter>
    </ClInclude>
    <ClInclude Include="Merge k Sorted Lists.h">
      <Filter>源文件\021-030</Filter>
    </ClInclude>
    <ClInclude Include="Divide Two Integers.h">
      <Filter>源文件\021-030</Filter>
    </ClInclude>
    <ClInclude Include="Next Permutation.h">
      <Filter>源文件\021-030</Filter>
    </ClInclude>
    <ClInclude Include="Search for a Range.h">
      <Filter>源文件\031-040</Filter>
    </ClInclude>
    <ClInclude Include="Search Insert Position.h">
      <Filter>源文件\031-040</Filter>
    </ClInclude>
    <ClInclude Include="Reverse Words in a String.h">
      <Filter>源文件\151-160</Filter>
    </ClInclude>
    <ClInclude Include="Evaluate Reverse Polish Notation.h">
      <Filter>源文件\141-150</Filter>
    </ClInclude>
    <ClInclude Include="Binary Tree Preorder Traversal .h">
      <Filter>源文件\141-150</Filter>
    </ClInclude>
    <ClInclude Include="Binary Tree Postorder Traversal.h">
      <Filter>源文件\141-150</Filter>
    </ClInclude>
    <ClInclude Include="Single Number II.h">
      <Filter>源文件\131-140</Filter>
    </ClInclude>
    <ClInclude Include="Single Number.h">
      <Filter>源文件\131-140</Filter>
    </ClInclude>
  </ItemGroup>
  <ItemGroup>
    <None Include="..\README.md" />
  </ItemGroup>
</Project>