
Microsoft Visual Studio Solution File, Format Version 12.00
# Visual Studio 2013
VisualStudioVersion = 12.0.30501.0
MinimumVisualStudioVersion = 10.0.40219.1
Project("{8BC9CEB8-8B4A-11D0-8D11-00A0C91BC942}") = "LeetCode_Solution", "LeetCode_Solution\LeetCode_Solution.vcxproj", "{76AE4D46-3F2B-49C8-A8FB-4A75FB9AB341}"
EndProject
Project("{888888A0-9F3D-457C-B088-3A5042F75D52}") = "Python_Solution", "Python_Solution\Python_Solution.pyproj", "{64327EA3-051F-4DD2-96B4-0BEF41447355}"
EndProject
Global
	GlobalSection(SolutionConfigurationPlatforms) = preSolution
		Debug|Any CPU = Debug|Any CPU
		Debug|Mixed Platforms = Debug|Mixed Platforms
		Debug|Win32 = Debug|Win32
		Release|Any CPU = Release|Any CPU
		Release|Mixed Platforms = Release|Mixed Platforms
		Release|Win32 = Release|Win32
	EndGlobalSection
	GlobalSection(ProjectConfigurationPlatforms) = postSolution
		{76AE4D46-3F2B-49C8-A8FB-4A75FB9AB341}.Debug|Any CPU.ActiveCfg = Debug|Win32
		{76AE4D46-3F2B-49C8-A8FB-4A75FB9AB341}.Debug|Mixed Platforms.ActiveCfg = Debug|Win32
		{76AE4D46-3F2B-49C8-A8FB-4A75FB9AB341}.Debug|Mixed Platforms.Build.0 = Debug|Win32
		{76AE4D46-3F2B-49C8-A8FB-4A75FB9AB341}.Debug|Win32.ActiveCfg = Debug|Win32
		{76AE4D46-3F2B-49C8-A8FB-4A75FB9AB341}.Debug|Win32.Build.0 = Debug|Win32
		{76AE4D46-3F2B-49C8-A8FB-4A75FB9AB341}.Release|Any CPU.ActiveCfg = Release|Win32
		{76AE4D46-3F2B-49C8-A8FB-4A75FB9AB341}.Release|Mixed Platforms.ActiveCfg = Release|Win32
		{76AE4D46-3F2B-49C8-A8FB-4A75FB9AB341}.Release|Mixed Platforms.Build.0 = Release|Win32
		{76AE4D46-3F2B-49C8-A8FB-4A75FB9AB341}.Release|Win32.ActiveCfg = Release|Win32
		{76AE4D46-3F2B-49C8-A8FB-4A75FB9AB341}.Release|Win32.Build.0 = Release|Win32
		{64327EA3-051F-4DD2-96B4-0BEF41447355}.Debug|Any CPU.ActiveCfg = Debug|Any CPU
		{64327EA3-051F-4DD2-96B4-0BEF41447355}.Debug|Mixed Platforms.ActiveCfg = Debug|Any CPU
		{64327EA3-051F-4DD2-96B4-0BEF41447355}.Debug|Win32.ActiveCfg = Debug|Any CPU
		{64327EA3-051F-4DD2-96B4-0BEF41447355}.Release|Any CPU.ActiveCfg = Release|Any CPU
		{64327EA3-051F-4DD2-96B4-0BEF41447355}.Release|Mixed Platforms.ActiveCfg = Release|Any CPU
		{64327EA3-051F-4DD2-96B4-0BEF41447355}.Release|Win32.ActiveCfg = Release|Any CPU
	EndGlobalSection
	GlobalSection(SolutionProperties) = preSolution
		HideSolutionNode = FALSE
	EndGlobalSection
EndGlobal
